PODS:
  - ISO8601DateFormatter (0.7)
  - SoapKit (0.0.1):
    - SoapKit/Core (= 0.0.1)
  - SoapKit/Core (0.0.1):
    - ISO8601DateFormatter (~> 0.7)
  - SoapKit/Mapping (0.0.1):
    - SoapKit/Core

DEPENDENCIES:
  - SoapKit (from `./../../`)
  - SoapKit/Mapping (from `./../../`)

EXTERNAL SOURCES:
  SoapKit:
    :path: "./../../"

SPEC CHECKSUMS:
  ISO8601DateFormatter: ab926648eebe497f4d167c0fd083992f959f1274
  SoapKit: d29454e8291beee30f60c6f740d9a8e25172f072

COCOAPODS: 0.37.2
